
Microsoft Visual Studio Solution File, Format Version 12.00
# Visual Studio 15
VisualStudioVersion = 15.0.27130.2010
MinimumVisualStudioVersion = 10.0.40219.1
Project("{FAE04EC0-301F-11D3-BF4B-00C04F79EFBC}") = "AzureAPIApp", "AzureAPIApp\AzureAPIApp.csproj", "{24A92D42-E799-4B96-A3C1-A12A6A2C84A3}"
EndProject
Global
	GlobalSection(SolutionConfigurationPlatforms) = preSolution
		Debug|Any CPU = Debug|Any CPU
		Release|Any CPU = Release|Any CPU
	EndGlobalSection
	GlobalSection(ProjectConfigurationPlatforms) = postSolution
		{24A92D42-E799-4B96-A3C1-A12A6A2C84A3}.Debug|Any CPU.ActiveCfg = Debug|Any CPU
		{24A92D42-E799-4B96-A3C1-A12A6A2C84A3}.Debug|Any CPU.Build.0 = Debug|Any CPU
		{24A92D42-E799-4B96-A3C1-A12A6A2C84A3}.Release|Any CPU.ActiveCfg = Release|Any CPU
		{24A92D42-E799-4B96-A3C1-A12A6A2C84A3}.Release|Any CPU.Build.0 = Release|Any CPU
	EndGlobalSection
	GlobalSection(SolutionProperties) = preSolution
		HideSolutionNode = FALSE
	EndGlobalSection
	GlobalSection(ExtensibilityGlobals) = postSolution
		SolutionGuid = {6764307E-2FEF-4953-B878-4D95B2711F6D}
	EndGlobalSection
EndGlobal
